# AutoJs6 6.8.0 / 5289 release APIs, host commit 0d1c7cc788, 2026-09-23.
format=1
common-plugin-api.file=common-plugin-api.aar
common-plugin-api.sha256=ee7eb7879a53506c4cca5e2d19d3058e28df2168fb33351a52302a3b9e532e15
host-capability-api.file=host-capability-api.aar
host-capability-api.sha256=23024fd981b7846936ef59f595f4da2208adf38d7c2d35594c20c7dfc1a86bd1
ai-agent-api.file=ai-agent-api.aar
ai-agent-api.sha256=122b4c087cdd766c415d599e84d3e6b9c145364efc94cd42b34006d9644e0224
