# AutoJs6 6.8.0 / 5282 release API, built from host commit 973447133649d01f8d718061443da60a0c519f72 (master, 2026-09-22).
# Roadmap P1 stages ai-agent-api.aar and host-capability-api.aar from the same host build and extends this lock.
format=1
common-plugin-api.file=common-plugin-api.aar
common-plugin-api.sha256=ee7eb7879a53506c4cca5e2d19d3058e28df2168fb33351a52302a3b9e532e15
